{
  "object": {
    "pins": [
      {
        "package": "Alamofire",
        "repositoryURL": "https://github.com/Alamofire/Alamofire.git",
        "state": {
          "branch": null,
          "revision": "2cbf59935fbb1f26e352ce4db53f1cf9408d5313",
          "version": "5.0.0-rc.3"
        }
      },
      {
        "package": "ObjectMapper",
        "repositoryURL": "https://github.com/tristanhimmelman/ObjectMapper",
        "state": {
          "branch": null,
          "revision": "19d499c65b8240f1220d7cf155ccd309857f8018",
          "version": "3.5.1"
        }
      }
    ]
  },
  "version": 1
}
